
Microsoft Visual Studio Solution File, Format Version 12.00
# Visual Studio Version 16
VisualStudioVersion = 16.0.36422.26
MinimumVisualStudioVersion = 10.0.40219.1
Project("{FAE04EC0-301F-11D3-BF4B-00C04F79EFBC}") = "TrabajpPractico", "TrabajpPractico\TrabajpPractico.csproj", "{ACC06368-2866-4123-AD6A-D4A9A9329E43}"
EndProject
Project("{FAE04EC0-301F-11D3-BF4B-00C04F79EFBC}") = "Dominio", "Dominio\Dominio.csproj", "{9122440E-C4A9-48CB-84AA-D9B493FC94E2}"
EndProject
Project("{FAE04EC0-301F-11D3-BF4B-00C04F79EFBC}") = "Conexion_BD", "Conexion_BD\Conexion_BD.csproj", "{DF8C7A5A-155B-4DC6-A9E9-FF3BD3AB4A7A}"
EndProject
Global
	GlobalSection(SolutionConfigurationPlatforms) = preSolution
		Debug|Any CPU = Debug|Any CPU
		Release|Any CPU = Release|Any CPU
	EndGlobalSection
	GlobalSection(ProjectConfigurationPlatforms) = postSolution
		{ACC06368-2866-4123-AD6A-D4A9A9329E43}.Debug|Any CPU.ActiveCfg = Debug|Any CPU
		{ACC06368-2866-4123-AD6A-D4A9A9329E43}.Debug|Any CPU.Build.0 = Debug|Any CPU
		{ACC06368-2866-4123-AD6A-D4A9A9329E43}.Release|Any CPU.ActiveCfg = Release|Any CPU
		{ACC06368-2866-4123-AD6A-D4A9A9329E43}.Release|Any CPU.Build.0 = Release|Any CPU
		{9122440E-C4A9-48CB-84AA-D9B493FC94E2}.Debug|Any CPU.ActiveCfg = Debug|Any CPU
		{9122440E-C4A9-48CB-84AA-D9B493FC94E2}.Debug|Any CPU.Build.0 = Debug|Any CPU
		{9122440E-C4A9-48CB-84AA-D9B493FC94E2}.Release|Any CPU.ActiveCfg = Release|Any CPU
		{9122440E-C4A9-48CB-84AA-D9B493FC94E2}.Release|Any CPU.Build.0 = Release|Any CPU
		{DF8C7A5A-155B-4DC6-A9E9-FF3BD3AB4A7A}.Debug|Any CPU.ActiveCfg = Debug|Any CPU
		{DF8C7A5A-155B-4DC6-A9E9-FF3BD3AB4A7A}.Debug|Any CPU.Build.0 = Debug|Any CPU
		{DF8C7A5A-155B-4DC6-A9E9-FF3BD3AB4A7A}.Release|Any CPU.ActiveCfg = Release|Any CPU
		{DF8C7A5A-155B-4DC6-A9E9-FF3BD3AB4A7A}.Release|Any CPU.Build.0 = Release|Any CPU
	EndGlobalSection
	GlobalSection(SolutionProperties) = preSolution
		HideSolutionNode = FALSE
	EndGlobalSection
	GlobalSection(ExtensibilityGlobals) = postSolution
		SolutionGuid = {FA98D05C-E619-4888-B55B-97F2FC449376}
	EndGlobalSection
EndGlobal
